
Microsoft Visual Studio Solution File, Format Version 12.00
# Visual Studio Version 16
VisualStudioVersion = 16.0.30204.135
MinimumVisualStudioVersion = 10.0.40219.1
Project("{9A19103F-16F7-4668-BE54-9A1E7A4F7556}") = "DevEduInterviewSystem", "DevEduInterviewSystem\DevEduInterviewSystem.csproj", "{49A78C25-6DD8-46E5-B0E5-2ECF615B4B4C}"
EndProject
Project("{00D1A9C2-B5F0-4AF3-8072-F6C62B433612}") = "DevEduInterviewSystem.DataBase", "DevEduInterviewSystem.DataBase\DevEduInterviewSystem.DataBase.sqlproj", "{CBBB7E4F-8158-4C0E-BEC9-04533A6D6B18}"
EndProject
Project("{9A19103F-16F7-4668-BE54-9A1E7A4F7556}") = "DevEduInterviewSystem.DAL", "DevEduInterviewSystem.DAL\DevEduInterviewSystem.DAL.csproj", "{D22E78E0-F964-47E1-9BFD-AB86EDF2F91A}"
EndProject
Project("{9A19103F-16F7-4668-BE54-9A1E7A4F7556}") = "Test", "Test\Test.csproj", "{9F8506A6-ACAC-4502-83DB-30DCCAE32CD6}"
EndProject
Project("{FAE04EC0-301F-11D3-BF4B-00C04F79EFBC}") = "tesd", "tesd\tesd.csproj", "{C9B8C2D6-7CD6-44DC-BBC3-DC2B8540A210}"
EndProject
Project("{FAE04EC0-301F-11D3-BF4B-00C04F79EFBC}") = "DevEduInterviewSystem.DAL.Tests", "DevEduInterviewSystem.DAL.Tests\DevEduInterviewSystem.DAL.Tests.csproj", "{1B8D2012-2A6D-4FFD-96E4-1AB5E2904663}"
EndProject
Global
	GlobalSection(SolutionConfigurationPlatforms) = preSolution
		Debug|Any CPU = Debug|Any CPU
		Release|Any CPU = Release|Any CPU
	EndGlobalSection
	GlobalSection(ProjectConfigurationPlatforms) = postSolution
		{49A78C25-6DD8-46E5-B0E5-2ECF615B4B4C}.Debug|Any CPU.ActiveCfg = Debug|Any CPU
		{49A78C25-6DD8-46E5-B0E5-2ECF615B4B4C}.Debug|Any CPU.Build.0 = Debug|Any CPU
		{49A78C25-6DD8-46E5-B0E5-2ECF615B4B4C}.Release|Any CPU.ActiveCfg = Release|Any CPU
		{49A78C25-6DD8-46E5-B0E5-2ECF615B4B4C}.Release|Any CPU.Build.0 = Release|Any CPU
		{CBBB7E4F-8158-4C0E-BEC9-04533A6D6B18}.Debug|Any CPU.ActiveCfg = Debug|Any CPU
		{CBBB7E4F-8158-4C0E-BEC9-04533A6D6B18}.Debug|Any CPU.Build.0 = Debug|Any CPU
		{CBBB7E4F-8158-4C0E-BEC9-04533A6D6B18}.Debug|Any CPU.Deploy.0 = Debug|Any CPU
		{CBBB7E4F-8158-4C0E-BEC9-04533A6D6B18}.Release|Any CPU.ActiveCfg = Release|Any CPU
		{CBBB7E4F-8158-4C0E-BEC9-04533A6D6B18}.Release|Any CPU.Build.0 = Release|Any CPU
		{CBBB7E4F-8158-4C0E-BEC9-04533A6D6B18}.Release|Any CPU.Deploy.0 = Release|Any CPU
		{D22E78E0-F964-47E1-9BFD-AB86EDF2F91A}.Debug|Any CPU.ActiveCfg = Debug|Any CPU
		{D22E78E0-F964-47E1-9BFD-AB86EDF2F91A}.Debug|Any CPU.Build.0 = Debug|Any CPU
		{D22E78E0-F964-47E1-9BFD-AB86EDF2F91A}.Release|Any CPU.ActiveCfg = Release|Any CPU
		{D22E78E0-F964-47E1-9BFD-AB86EDF2F91A}.Release|Any CPU.Build.0 = Release|Any CPU
		{9F8506A6-ACAC-4502-83DB-30DCCAE32CD6}.Debug|Any CPU.ActiveCfg = Debug|Any CPU
		{9F8506A6-ACAC-4502-83DB-30DCCAE32CD6}.Debug|Any CPU.Build.0 = Debug|Any CPU
		{9F8506A6-ACAC-4502-83DB-30DCCAE32CD6}.Release|Any CPU.ActiveCfg = Release|Any CPU
		{9F8506A6-ACAC-4502-83DB-30DCCAE32CD6}.Release|Any CPU.Build.0 = Release|Any CPU
		{C9B8C2D6-7CD6-44DC-BBC3-DC2B8540A210}.Debug|Any CPU.ActiveCfg = Debug|Any CPU
		{C9B8C2D6-7CD6-44DC-BBC3-DC2B8540A210}.Debug|Any CPU.Build.0 = Debug|Any CPU
		{C9B8C2D6-7CD6-44DC-BBC3-DC2B8540A210}.Release|Any CPU.ActiveCfg = Release|Any CPU
		{C9B8C2D6-7CD6-44DC-BBC3-DC2B8540A210}.Release|Any CPU.Build.0 = Release|Any CPU
		{1B8D2012-2A6D-4FFD-96E4-1AB5E2904663}.Debug|Any CPU.ActiveCfg = Debug|Any CPU
		{1B8D2012-2A6D-4FFD-96E4-1AB5E2904663}.Debug|Any CPU.Build.0 = Debug|Any CPU
		{1B8D2012-2A6D-4FFD-96E4-1AB5E2904663}.Release|Any CPU.ActiveCfg = Release|Any CPU
		{1B8D2012-2A6D-4FFD-96E4-1AB5E2904663}.Release|Any CPU.Build.0 = Release|Any CPU
	EndGlobalSection
	GlobalSection(SolutionProperties) = preSolution
		HideSolutionNode = FALSE
	EndGlobalSection
	GlobalSection(ExtensibilityGlobals) = postSolution
		SolutionGuid = {1B36D15F-97C7-4BE5-96C3-2A3C6EBEF214}
	EndGlobalSection
EndGlobal
